// !$*UTF8*$!
{
	archiveVersion = 1;
	classes = {
	};
	objectVersion = 46;
	objects = {

/* Begin PBXBuildFile section */
		10E392281B17A5AF0090ACF0 /* AppDelegate.swift in Sources */ = {isa = PBXBuildFile; fileRef = 10E392271B17A5AF0090ACF0 /* AppDelegate.swift */; };
		10E3922A1B17A5AF0090ACF0 /* ViewController.swift in Sources */ = {isa = PBXBuildFile; fileRef = 10E392291B17A5AF0090ACF0 /* ViewController.swift */; };
		10E3922D1B17A5AF0090ACF0 /* Main.storyboard in Resources */ = {isa = PBXBuildFile; fileRef = 10E3922B1B17A5AF0090ACF0 /* Main.storyboard */; };
		10E3922F1B17A5AF0090ACF0 /* Images.xcassets in Resources */ = {isa = PBXBuildFile; fileRef = 10E3922E1B17A5AF0090ACF0 /* Images.xcassets */; };
		10E392321B17A5AF0090ACF0 /* LaunchScreen.xib in Resources */ = {isa = PBXBuildFile; fileRef = 10E392301B17A5AF0090ACF0 /* LaunchScreen.xib */; };
		10E3923E1B17A5B00090ACF0 /* Tap_MeTests.swift in Sources */ = {isa = PBXBuildFile; fileRef = 10E3923D1B17A5B00090ACF0 /* Tap_MeTests.swift */; };
/* End PBXBuildFile section */

/* Begin PBXContainerItemProxy section */
		10E392381B17A5B00090ACF0 /* PBXContainerItemProxy */ = {
			isa = PBXContainerItemProxy;
			containerPortal = 10E3921A1B17A5AF0090ACF0 /* Project object */;
			proxyType = 1;
			remoteGlobalIDString = 10E392211B17A5AF0090ACF0;
			remoteInfo = "Tap Me";
		};
/* End PBXContainerItemProxy section */

/* Begin PBXFileReference section */
		10E392221B17A5AF0090ACF0 /* Tap Me.app */ = {isa = PBXFileReference; explicitFileType = wrapper.application; includeInIndex = 0; path = "Tap Me.app"; sourceTree = BUILT_PRODUCTS_DIR; };
		10E392261B17A5AF0090ACF0 /* Info.plist */ = {isa = PBXFileReference; lastKnownFileType = text.plist.xml; path = Info.plist; sourceTree = "<group>"; };
		10E392271B17A5AF0090ACF0 /* AppDelegate.swift */ = {isa = PBXFileReference; lastKnownFileType = sourcecode.swift; path = AppDelegate.swift; sourceTree = "<group>"; };
		10E392291B17A5AF0090ACF0 /* ViewController.swift */ = {isa = PBXFileReference; lastKnownFileType = sourcecode.swift; path = ViewController.swift; sourceTree = "<group>"; };
		10E3922C1B17A5AF0090ACF0 /* Base */ = {isa = PBXFileReference; lastKnownFileType = file.storyboard; name = Base; path = Base.lproj/Main.storyboard; sourceTree = "<group>"; };
		10E3922E1B17A5AF0090ACF0 /* Images.xcassets */ = {isa = PBXFileReference; lastKnownFileType = folder.assetcatalog; path = Images.xcassets; sourceTree = "<group>"; };
		10E392311B17A5AF0090ACF0 /* Base */ = {isa = PBXFileReference; lastKnownFileType = file.xib; name = Base; path = Base.lproj/LaunchScreen.xib; sourceTree = "<group>"; };
		10E392371B17A5B00090ACF0 /* Tap MeTests.xctest */ = {isa = PBXFileReference; explicitFileType = wrapper.cfbundle; includeInIndex = 0; path = "Tap MeTests.xctest"; sourceTree = BUILT_PRODUCTS_DIR; };
		10E3923C1B17A5B00090ACF0 /* Info.plist */ = {isa = PBXFileReference; lastKnownFileType = text.plist.xml; path = Info.plist; sourceTree = "<group>"; };
		10E3923D1B17A5B00090ACF0 /* Tap_MeTests.swift */ = {isa = PBXFileReference; lastKnownFileType = sourcecode.swift; path = Tap_MeTests.swift; sourceTree = "<group>"; };
/* End PBXFileReference section */

/* Begin PBXFrameworksBuildPhase section */
		10E3921F1B17A5AF0090ACF0 /* Frameworks */ = {
			isa = PBXFrameworksBuildPhase;
			buildActionMask = 2147483647;
			files = (
			);
			runOnlyForDeploymentPostprocessing = 0;
		};
		10E392341B17A5B00090ACF0 /* Frameworks */ = {
			isa = PBXFrameworksBuildPhase;
			buildActionMask = 2147483647;
			files = (
			);
			runOnlyForDeploymentPostprocessing = 0;
		};
/* End PBXFrameworksBuildPhase section */

/* Begin PBXGroup section */
		10E392191B17A5AF0090ACF0 = {
			isa = PBXGroup;
			children = (
				10E392241B17A5AF0090ACF0 /* Tap Me */,
				10E3923A1B17A5B00090ACF0 /* Tap MeTests */,
				10E392231B17A5AF0090ACF0 /* Products */,
			);
			sourceTree = "<group>";
		};
		10E392231B17A5AF0090ACF0 /* Products */ = {
			isa = PBXGroup;
			children = (
				10E392221B17A5AF0090ACF0 /* Tap Me.app */,
				10E392371B17A5B00090ACF0 /* Tap MeTests.xctest */,
			);
			name = Products;
			sourceTree = "<group>";
		};
		10E392241B17A5AF0090ACF0 /* Tap Me */ = {
			isa = PBXGroup;
			children = (
				10E392271B17A5AF0090ACF0 /* AppDelegate.swift */,
				10E392291B17A5AF0090ACF0 /* ViewController.swift */,
				10E3922B1B17A5AF0090ACF0 /* Main.storyboard */,
				10E3922E1B17A5AF0090ACF0 /* Images.xcassets */,
				10E392301B17A5AF0090ACF0 /* LaunchScreen.xib */,
				10E392251B17A5AF0090ACF0 /* Supporting Files */,
			);
			path = "Tap Me";
			sourceTree = "<group>";
		};
		10E392251B17A5AF0090ACF0 /* Supporting Files */ = {
			isa = PBXGroup;
			children = (
				10E392261B17A5AF0090ACF0 /* Info.plist */,
			);
			name = "Supporting Files";
			sourceTree = "<group>";
		};
		10E3923A1B17A5B00090ACF0 /* Tap MeTests */ = {
			isa = PBXGroup;
			children = (
				10E3923D1B17A5B00090ACF0 /* Tap_MeTests.swift */,
				10E3923B1B17A5B00090ACF0 /* Supporting Files */,
			);
			path = "Tap MeTests";
			sourceTree = "<group>";
		};
		10E3923B1B17A5B00090ACF0 /* Supporting Files */ = {
			isa = PBXGroup;
			children = (
				10E3923C1B17A5B00090ACF0 /* Info.plist */,
			);
			name = "Supporting Files";
			sourceTree = "<group>";
		};
/* End PBXGroup section */

/* Begin PBXNativeTarget section */
		10E392211B17A5AF0090ACF0 /* Tap Me */ = {
			isa = PBXNativeTarget;
			buildConfigurationList = 10E392411B17A5B00090ACF0 /* Build configuration list for PBXNativeTarget "Tap Me" */;
			buildPhases = (
				10E3921E1B17A5AF0090ACF0 /* Sources */,
				10E3921F1B17A5AF0090ACF0 /* Frameworks */,
				10E392201B17A5AF0090ACF0 /* Resources */,
			);
			buildRules = (
			);
			dependencies = (
			);
			name = "Tap Me";
			productName = "Tap Me";
			productReference = 10E392221B17A5AF0090ACF0 /* Tap Me.app */;
			productType = "com.apple.product-type.application";
		};
		10E392361B17A5B00090ACF0 /* Tap MeTests */ = {
			isa = PBXNativeTarget;
			buildConfigurationList = 10E392441B17A5B00090ACF0 /* Build configuration list for PBXNativeTarget "Tap MeTests" */;
			buildPhases = (
				10E392331B17A5B00090ACF0 /* Sources */,
				10E392341B17A5B00090ACF0 /* Frameworks */,
				10E392351B17A5B00090ACF0 /* Resources */,
			);
			buildRules = (
			);
			dependencies = (
				10E392391B17A5B00090ACF0 /* PBXTargetDependency */,
			);
			name = "Tap MeTests";
			productName = "Tap MeTests";
			productReference = 10E392371B17A5B00090ACF0 /* Tap MeTests.xctest */;
			productType = "com.apple.product-type.bundle.unit-test";
		};
/* End PBXNativeTarget section */

/* Begin PBXProject section */
		10E3921A1B17A5AF0090ACF0 /* Project object */ = {
			isa = PBXProject;
			attributes = {
				LastUpgradeCheck = 0630;
				ORGANIZATIONNAME = "wasatch code";
				TargetAttributes = {
					10E392211B17A5AF0090ACF0 = {
						CreatedOnToolsVersion = 6.3;
					};
					10E392361B17A5B00090ACF0 = {
						CreatedOnToolsVersion = 6.3;
						TestTargetID = 10E392211B17A5AF0090ACF0;
					};
				};
			};
			buildConfigurationList = 10E3921D1B17A5AF0090ACF0 /* Build configuration list for PBXProject "Tap Me" */;
			compatibilityVersion = "Xcode 3.2";
			developmentRegion = English;
			hasScannedForEncodings = 0;
			knownRegions = (
				en,
				Base,
			);
			mainGroup = 10E392191B17A5AF0090ACF0;
			productRefGroup = 10E392231B17A5AF0090ACF0 /* Products */;
			projectDirPath = "";
			projectRoot = "";
			targets = (
				10E392211B17A5AF0090ACF0 /* Tap Me */,
				10E392361B17A5B00090ACF0 /* Tap MeTests */,
			);
		};
/* End PBXProject section */

/* Begin PBXResourcesBuildPhase section */
		10E392201B17A5AF0090ACF0 /* Resources */ = {
			isa = PBXResourcesBuildPhase;
			buildActionMask = 2147483647;
			files = (
				10E3922D1B17A5AF0090ACF0 /* Main.storyboard in Resources */,
				10E392321B17A5AF0090ACF0 /* LaunchScreen.xib in Resources */,
				10E3922F1B17A5AF0090ACF0 /* Images.xcassets in Resources */,
			);
			runOnlyForDeploymentPostprocessing = 0;
		};
		10E392351B17A5B00090ACF0 /* Resources */ = {
			isa = PBXResourcesBuildPhase;
			buildActionMask = 2147483647;
			files = (
			);
			runOnlyForDeploymentPostprocessing = 0;
		};
/* End PBXResourcesBuildPhase section */

/* Begin PBXSourcesBuildPhase section */
		10E3921E1B17A5AF0090ACF0 /* Sources */ = {
			isa = PBXSourcesBuildPhase;
			buildActionMask = 2147483647;
			files = (
				10E3922A1B17A5AF0090ACF0 /* ViewController.swift in Sources */,
				10E392281B17A5AF0090ACF0 /* AppDelegate.swift in Sources */,
			);
			runOnlyForDeploymentPostprocessing = 0;
		};
		10E392331B17A5B00090ACF0 /* Sources */ = {
			isa = PBXSourcesBuildPhase;
			buildActionMask = 2147483647;
			files = (
				10E3923E1B17A5B00090ACF0 /* Tap_MeTests.swift in Sources */,
			);
			runOnlyForDeploymentPostprocessing = 0;
		};
/* End PBXSourcesBuildPhase section */

/* Begin PBXTargetDependency section */
		10E392391B17A5B00090ACF0 /* PBXTargetDependency */ = {
			isa = PBXTargetDependency;
			target = 10E392211B17A5AF0090ACF0 /* Tap Me */;
			targetProxy = 10E392381B17A5B00090ACF0 /* PBXContainerItemProxy */;
		};
/* End PBXTargetDependency section */

/* Begin PBXVariantGroup section */
		10E3922B1B17A5AF0090ACF0 /* Main.storyboard */ = {
			isa = PBXVariantGroup;
			children = (
				10E3922C1B17A5AF0090ACF0 /* Base */,
			);
			name = Main.storyboard;
			sourceTree = "<group>";
		};
		10E392301B17A5AF0090ACF0 /* LaunchScreen.xib */ = {
			isa = PBXVariantGroup;
			children = (
				10E392311B17A5AF0090ACF0 /* Base */,
			);
			name = LaunchScreen.xib;
			sourceTree = "<group>";
		};
/* End PBXVariantGroup section */

/* Begin XCBuildConfiguration section */
		10E3923F1B17A5B00090ACF0 /* Debug */ = {
			isa = XCBuildConfiguration;
			buildSettings = {
				ALWAYS_SEARCH_USER_PATHS = NO;
				CLANG_CXX_LANGUAGE_STANDARD = "gnu++0x";
				CLANG_CXX_LIBRARY = "libc++";
				CLANG_ENABLE_MODULES = YES;
				CLANG_ENABLE_OBJC_ARC = YES;
				CLANG_WARN_BOOL_CONVERSION = YES;
				CLANG_WARN_CONSTANT_CONVERSION = YES;
				CLANG_WARN_DIRECT_OBJC_ISA_USAGE = YES_ERROR;
				CLANG_WARN_EMPTY_BODY = YES;
				CLANG_WARN_ENUM_CONVERSION = YES;
				CLANG_WARN_INT_CONVERSION = YES;
				CLANG_WARN_OBJC_ROOT_CLASS = YES_ERROR;
				CLANG_WARN_UNREACHABLE_CODE = YES;
				CLANG_WARN__DUPLICATE_METHOD_MATCH = YES;
				"CODE_SIGN_IDENTITY[sdk=iphoneos*]" = "iPhone Developer";
				COPY_PHASE_STRIP = NO;
				DEBUG_INFORMATION_FORMAT = "dwarf-with-dsym";
				ENABLE_STRICT_OBJC_MSGSEND = YES;
				GCC_C_LANGUAGE_STANDARD = gnu99;
				GCC_DYNAMIC_NO_PIC = NO;
				GCC_NO_COMMON_BLOCKS = YES;
				GCC_OPTIMIZATION_LEVEL = 0;
				GCC_PREPROCESSOR_DEFINITIONS = (
					"DEBUG=1",
					"$(inherited)",
				);
				GCC_SYMBOLS_PRIVATE_EXTERN = NO;
				GCC_WARN_64_TO_32_BIT_CONVERSION = YES;
				GCC_WARN_ABOUT_RETURN_TYPE = YES_ERROR;
				GCC_WARN_UNDECLARED_SELECTOR = YES;
				GCC_WARN_UNINITIALIZED_AUTOS = YES_AGGRESSIVE;
				GCC_WARN_UNUSED_FUNCTION = YES;
				GCC_WARN_UNUSED_VARIABLE = YES;
				IPHONEOS_DEPLOYMENT_TARGET = 8.3;
				MTL_ENABLE_DEBUG_INFO = YES;
				ONLY_ACTIVE_ARCH = YES;
				SDKROOT = iphoneos;
				SWIFT_OPTIMIZATION_LEVEL = "-Onone";
			};
			name = Debug;
		};
		10E392401B17A5B00090ACF0 /* Release */ = {
			isa = XCBuildConfiguration;
			buildSettings = {
				ALWAYS_SEARCH_USER_PATHS = NO;
				CLANG_CXX_LANGUAGE_STANDARD = "gnu++0x";
				CLANG_CXX_LIBRARY = "libc++";
				CLANG_ENABLE_MODULES = YES;
				CLANG_ENABLE_OBJC_ARC = YES;
				CLANG_WARN_BOOL_CONVERSION = YES;
				CLANG_WARN_CONSTANT_CONVERSION = YES;
				CLANG_WARN_DIRECT_OBJC_ISA_USAGE = YES_ERROR;
				CLANG_WARN_EMPTY_BODY = YES;
				CLANG_WARN_ENUM_CONVERSION = YES;
				CLANG_WARN_INT_CONVERSION = YES;
				CLANG_WARN_OBJC_ROOT_CLASS = YES_ERROR;
				CLANG_WARN_UNREACHABLE_CODE = YES;
				CLANG_WARN__DUPLICATE_METHOD_MATCH = YES;
				"CODE_SIGN_IDENTITY[sdk=iphoneos*]" = "iPhone Developer";
				COPY_PHASE_STRIP = NO;
				DEBUG_INFORMATION_FORMAT = "dwarf-with-dsym";
				ENABLE_NS_ASSERTIONS = NO;
				ENABLE_STRICT_OBJC_MSGSEND = YES;
				GCC_C_LANGUAGE_STANDARD = gnu99;
				GCC_NO_COMMON_BLOCKS = YES;
				GCC_WARN_64_TO_32_BIT_CONVERSION = YES;
				GCC_WARN_ABOUT_RETURN_TYPE = YES_ERROR;
				GCC_WARN_UNDECLARED_SELECTOR = YES;
				GCC_WARN_UNINITIALIZED_AUTOS = YES_AGGRESSIVE;
				GCC_WARN_UNUSED_FUNCTION = YES;
				GCC_WARN_UNUSED_VARIABLE = YES;
				IPHONEOS_DEPLOYMENT_TARGET = 8.3;
				MTL_ENABLE_DEBUG_INFO = NO;
				SDKROOT = iphoneos;
				VALIDATE_PRODUCT = YES;
			};
			name = Release;
		};
		10E392421B17A5B00090ACF0 /* Debug */ = {
			isa = XCBuildConfiguration;
			buildSettings = {
				ASSETCATALOG_COMPILER_APPICON_NAME = AppIcon;
				INFOPLIST_FILE = "Tap Me/Info.plist";
				LD_RUNPATH_SEARCH_PATHS = "$(inherited) @executable_path/Frameworks";
				PRODUCT_NAME = "$(TARGET_NAME)";
			};
			name = Debug;
		};
		10E392431B17A5B00090ACF0 /* Release */ = {
			isa = XCBuildConfiguration;
			buildSettings = {
				ASSETCATALOG_COMPILER_APPICON_NAME = AppIcon;
				INFOPLIST_FILE = "Tap Me/Info.plist";
				LD_RUNPATH_SEARCH_PATHS = "$(inherited) @executable_path/Frameworks";
				PRODUCT_NAME = "$(TARGET_NAME)";
			};
			name = Release;
		};
		10E392451B17A5B00090ACF0 /* Debug */ = {
			isa = XCBuildConfiguration;
			buildSettings = {
				BUNDLE_LOADER = "$(TEST_HOST)";
				FRAMEWORK_SEARCH_PATHS = (
					"$(SDKROOT)/Developer/Library/Frameworks",
					"$(inherited)",
				);
				GCC_PREPROCESSOR_DEFINITIONS = (
					"DEBUG=1",
					"$(inherited)",
				);
				INFOPLIST_FILE = "Tap MeTests/Info.plist";
				LD_RUNPATH_SEARCH_PATHS = "$(inherited) @executable_path/Frameworks @loader_path/Frameworks";
				PRODUCT_NAME = "$(TARGET_NAME)";
				TEST_HOST = "$(BUILT_PRODUCTS_DIR)/Tap Me.app/Tap Me";
			};
			name = Debug;
		};
		10E392461B17A5B00090ACF0 /* Release */ = {
			isa = XCBuildConfiguration;
			buildSettings = {
				BUNDLE_LOADER = "$(TEST_HOST)";
				FRAMEWORK_SEARCH_PATHS = (
					"$(SDKROOT)/Developer/Library/Frameworks",
					"$(inherited)",
				);
				INFOPLIST_FILE = "Tap MeTests/Info.plist";
				LD_RUNPATH_SEARCH_PATHS = "$(inherited) @executable_path/Frameworks @loader_path/Frameworks";
				PRODUCT_NAME = "$(TARGET_NAME)";
				TEST_HOST = "$(BUILT_PRODUCTS_DIR)/Tap Me.app/Tap Me";
			};
			name = Release;
		};
/* End XCBuildConfiguration section */

/* Begin XCConfigurationList section */
		10E3921D1B17A5AF0090ACF0 /* Build configuration list for PBXProject "Tap Me" */ = {
			isa = XCConfigurationList;
			buildConfigurations = (
				10E3923F1B17A5B00090ACF0 /* Debug */,
				10E392401B17A5B00090ACF0 /* Release */,
			);
			defaultConfigurationIsVisible = 0;
			defaultConfigurationName = Release;
		};
		10E392411B17A5B00090ACF0 /* Build configuration list for PBXNativeTarget "Tap Me" */ = {
			isa = XCConfigurationList;
			buildConfigurations = (
				10E392421B17A5B00090ACF0 /* Debug */,
				10E392431B17A5B00090ACF0 /* Release */,
			);
			defaultConfigurationIsVisible = 0;
		};
		10E392441B17A5B00090ACF0 /* Build configuration list for PBXNativeTarget "Tap MeTests" */ = {
			isa = XCConfigurationList;
			buildConfigurations = (
				10E392451B17A5B00090ACF0 /* Debug */,
				10E392461B17A5B00090ACF0 /* Release */,
			);
			defaultConfigurationIsVisible = 0;
		};
/* End XCConfigurationList section */
	};
	rootObject = 10E3921A1B17A5AF0090ACF0 /* Project object */;
}
